{
  "version": 4,
  "terraform_version": "1.5.0",
  "serial": 46,
  "lineage": "cfddff86-b683-0102-b348-bd3c5438cfbc",
  "outputs": {
    "alb_dns_name": {
      "value": "seoul-webservers-prod-703964009.ap-northeast-2.elb.amazonaws.com",
      "type": "string"
    }
  },
  "resources": [
    {
      "module": "module.webserver_cluster",
      "mode": "data",
      "type": "aws_subnet_ids",
      "name": "default",
      "provider": "provider[\"registry.terraform.io/hashicorp/aws\"]",
      "instances": [
        {
          "schema_version": 0,
          "attributes": {
            "filter": null,
            "id": "vpc-00eb5c183ab181e6f",
            "ids": [
              "subnet-093a72a7834816674",
              "subnet-0c7e2cb2672a2ff76",
              "subnet-0ded7104d71cee866",
              "subnet-0fa6e1cc1f7bce580"
            ],
            "tags": null,
            "vpc_id": "vpc-00eb5c183ab181e6f"
          },
          "sensitive_attributes": []
        }
      ]
    },
    {
      "module": "module.webserver_cluster",
      "mode": "data",
      "type": "aws_vpc",
      "name": "default",
      "provider": "provider[\"registry.terraform.io/hashicorp/aws\"]",
      "instances": [
        {
          "schema_version": 0,
          "attributes": {
            "arn": "arn:aws:ec2:ap-northeast-2:930881283022:vpc/vpc-00eb5c183ab181e6f",
            "cidr_block": "172.31.0.0/16",
            "cidr_block_associations": [
              {
                "association_id": "vpc-cidr-assoc-0ddea74e9cb4757bd",
                "cidr_block": "172.31.0.0/16",
                "state": "associated"
              }
            ],
            "default": true,
            "dhcp_options_id": "dopt-08bf3f40fbd0ca371",
            "enable_dns_hostnames": true,
            "enable_dns_support": true,
            "filter": null,
            "id": "vpc-00eb5c183ab181e6f",
            "instance_tenancy": "default",
            "ipv6_association_id": null,
            "ipv6_cidr_block": null,
            "main_route_table_id": "rtb-0ccd6fd74cadc5c6d",
            "owner_id": "930881283022",
            "state": "available",
            "tags": {}
          },
          "sensitive_attributes": []
        }
      ]
    },
    {
      "module": "module.webserver_cluster",
      "mode": "data",
      "type": "template_file",
      "name": "user_data",
      "provider": "provider[\"registry.terraform.io/hashicorp/template\"]",
      "instances": [
        {
          "schema_version": 0,
          "attributes": {
            "filename": null,
            "id": "f83b5aed8de6d215f6fcd9670c316807e68d11e064f62bbf1d462227965c1b5f",
            "rendered": "#!/bin/bash\r\n\r\nyum install -y httpd\r\ncat \u003e /var/www/html/index.html \u003c\u003cEOF\r\n\u003ch1\u003eHello, Seoul\u003c/h1\u003e\r\n\u003cp\u003eDB address: prod-terraform-up-and-running20230709004827691500000001.cqyei8rmq738.ap-northeast-2.rds.amazonaws.com\u003c/p\u003e\r\n\u003cp\u003eDB port: 3306\u003c/p\u003e\r\nEOF\r\n\r\nsystemctl enable --now httpd\r\n",
            "template": "#!/bin/bash\r\n\r\nyum install -y httpd\r\ncat \u003e /var/www/html/index.html \u003c\u003cEOF\r\n\u003ch1\u003eHello, Seoul\u003c/h1\u003e\r\n\u003cp\u003eDB address: ${db_address}\u003c/p\u003e\r\n\u003cp\u003eDB port: ${db_port}\u003c/p\u003e\r\nEOF\r\n\r\nsystemctl enable --now httpd\r\n",
            "vars": {
              "db_address": "prod-terraform-up-and-running20230709004827691500000001.cqyei8rmq738.ap-northeast-2.rds.amazonaws.com",
              "db_port": "3306",
              "server_port": "80"
            }
          },
          "sensitive_attributes": []
        }
      ]
    },
    {
      "module": "module.webserver_cluster",
      "mode": "data",
      "type": "terraform_remote_state",
      "name": "db",
      "provider": "provider[\"terraform.io/builtin/terraform\"]",
      "instances": [
        {
          "schema_version": 0,
          "attributes": {
            "backend": "s3",
            "config": {
              "value": {
                "bucket": "terraform-seoul-cloudmaker",
                "key": "prod/mysql/terraform.tfstate",
                "region": "ap-northeast-2"
              },
              "type": [
                "object",
                {
                  "bucket": "string",
                  "key": "string",
                  "region": "string"
                }
              ]
            },
            "defaults": null,
            "outputs": {
              "value": {
                "address": "prod-terraform-up-and-running20230709004827691500000001.cqyei8rmq738.ap-northeast-2.rds.amazonaws.com",
                "port": 3306
              },
              "type": [
                "object",
                {
                  "address": "string",
                  "port": "number"
                }
              ]
            },
            "workspace": null
          },
          "sensitive_attributes": []
        }
      ]
    },
    {
      "module": "module.webserver_cluster",
      "mode": "managed",
      "type": "aws_autoscaling_group",
      "name": "example",
      "provider": "provider[\"registry.terraform.io/hashicorp/aws\"]",
      "instances": [
        {
          "schema_version": 0,
          "attributes": {
            "arn": "arn:aws:autoscaling:ap-northeast-2:930881283022:autoScalingGroup:57e0dcdd-d549-4f46-9e57-555a0906d8a9:autoScalingGroupName/tf-asg-20230709010323949700000002",
            "availability_zones": [
              "ap-northeast-2a",
              "ap-northeast-2b",
              "ap-northeast-2c",
              "ap-northeast-2d"
            ],
            "default_cooldown": 300,
            "desired_capacity": 2,
            "enabled_metrics": null,
            "force_delete": false,
            "health_check_grace_period": 300,
            "health_check_type": "ELB",
            "id": "tf-asg-20230709010323949700000002",
            "initial_lifecycle_hook": [],
            "launch_configuration": "terraform-20230709010323465300000001",
            "launch_template": [],
            "load_balancers": [],
            "max_instance_lifetime": 0,
            "max_size": 3,
            "metrics_granularity": "1Minute",
            "min_elb_capacity": null,
            "min_size": 2,
            "mixed_instances_policy": [],
            "name": "tf-asg-20230709010323949700000002",
            "name_prefix": null,
            "placement_group": "",
            "protect_from_scale_in": false,
            "service_linked_role_arn": "arn:aws:iam::930881283022:role/aws-service-role/autoscaling.amazonaws.com/AWSServiceRoleForAutoScaling",
            "suspended_processes": null,
            "tag": [
              {
                "key": "Name",
                "propagate_at_launch": true,
                "value": "seoul-webservers-prod"
              }
            ],
            "tags": null,
            "target_group_arns": [
              "arn:aws:elasticloadbalancing:ap-northeast-2:930881283022:targetgroup/seoul-webservers-prod/98e796d3f73af7df"
            ],
            "termination_policies": null,
            "timeouts": null,
            "vpc_zone_identifier": [
              "subnet-093a72a7834816674",
              "subnet-0c7e2cb2672a2ff76",
              "subnet-0ded7104d71cee866",
              "subnet-0fa6e1cc1f7bce580"
            ],
            "wait_for_capacity_timeout": "10m",
            "wait_for_elb_capacity": null
          },
          "sensitive_attributes": [],
          "private": "eyJlMmJmYjczMC1lY2FhLTExZTYtOGY4OC0zNDM2M2JjN2M0YzAiOnsiZGVsZXRlIjo2MDAwMDAwMDAwMDB9fQ==",
          "dependencies": [
            "module.webserver_cluster.aws_launch_configuration.example",
            "module.webserver_cluster.aws_lb_target_group.asg",
            "module.webserver_cluster.aws_security_group.instance",
            "module.webserver_cluster.data.aws_subnet_ids.default",
            "module.webserver_cluster.data.aws_vpc.default",
            "module.webserver_cluster.data.template_file.user_data"
          ]
        }
      ]
    },
    {
      "module": "module.webserver_cluster",
      "mode": "managed",
      "type": "aws_launch_configuration",
      "name": "example",
      "provider": "provider[\"registry.terraform.io/hashicorp/aws\"]",
      "instances": [
        {
          "schema_version": 0,
          "attributes": {
            "arn": "arn:aws:autoscaling:ap-northeast-2:930881283022:launchConfiguration:6f0c33b4-0566-482c-8621-bba978144c5e:launchConfigurationName/terraform-20230709010323465300000001",
            "associate_public_ip_address": false,
            "ebs_block_device": [],
            "ebs_optimized": false,
            "enable_monitoring": true,
            "ephemeral_block_device": [],
            "iam_instance_profile": "",
            "id": "terraform-20230709010323465300000001",
            "image_id": "ami-013218fccb68a90d4",
            "instance_type": "t2.micro",
            "key_name": "",
            "name": "terraform-20230709010323465300000001",
            "name_prefix": null,
            "placement_tenancy": null,
            "root_block_device": [],
            "security_groups": [
              "sg-093681a2547bcae08"
            ],
            "spot_price": "",
            "user_data": "5238c87c58658c35727c7b539d6c3222eaadf31d",
            "user_data_base64": null,
            "vpc_classic_link_id": "",
            "vpc_classic_link_security_groups": null
          },
          "sensitive_attributes": [],
          "private": "bnVsbA==",
          "dependencies": [
            "module.webserver_cluster.aws_security_group.instance",
            "module.webserver_cluster.data.template_file.user_data"
          ],
          "create_before_destroy": true
        }
      ]
    },
    {
      "module": "module.webserver_cluster",
      "mode": "managed",
      "type": "aws_lb",
      "name": "example",
      "provider": "provider[\"registry.terraform.io/hashicorp/aws\"]",
      "instances": [
        {
          "schema_version": 0,
          "attributes": {
            "access_logs": [
              {
                "bucket": "",
                "enabled": false,
                "prefix": ""
              }
            ],
            "arn": "arn:aws:elasticloadbalancing:ap-northeast-2:930881283022:loadbalancer/app/seoul-webservers-prod/ac2394daf64b6d7b",
            "arn_suffix": "app/seoul-webservers-prod/ac2394daf64b6d7b",
            "dns_name": "seoul-webservers-prod-703964009.ap-northeast-2.elb.amazonaws.com",
            "drop_invalid_header_fields": false,
            "enable_cross_zone_load_balancing": true,
            "enable_deletion_protection": false,
            "enable_http2": true,
            "id": "arn:aws:elasticloadbalancing:ap-northeast-2:930881283022:loadbalancer/app/seoul-webservers-prod/ac2394daf64b6d7b",
            "idle_timeout": 60,
            "internal": false,
            "ip_address_type": "ipv4",
            "load_balancer_type": "application",
            "name": "seoul-webservers-prod",
            "name_prefix": null,
            "security_groups": [
              "sg-0ab6c10f2110f53f5"
            ],
            "subnet_mapping": [
              {
                "allocation_id": "",
                "subnet_id": "subnet-093a72a7834816674"
              },
              {
                "allocation_id": "",
                "subnet_id": "subnet-0c7e2cb2672a2ff76"
              },
              {
                "allocation_id": "",
                "subnet_id": "subnet-0ded7104d71cee866"
              },
              {
                "allocation_id": "",
                "subnet_id": "subnet-0fa6e1cc1f7bce580"
              }
            ],
            "subnets": [
              "subnet-093a72a7834816674",
              "subnet-0c7e2cb2672a2ff76",
              "subnet-0ded7104d71cee866",
              "subnet-0fa6e1cc1f7bce580"
            ],
            "tags": null,
            "timeouts": null,
            "vpc_id": "vpc-00eb5c183ab181e6f",
            "zone_id": "ZWKZPGTI48KDX"
          },
          "sensitive_attributes": [],
          "private": "eyJlMmJmYjczMC1lY2FhLTExZTYtOGY4OC0zNDM2M2JjN2M0YzAiOnsiY3JlYXRlIjo2MDAwMDAwMDAwMDAsImRlbGV0ZSI6NjAwMDAwMDAwMDAwLCJ1cGRhdGUiOjYwMDAwMDAwMDAwMH19",
          "dependencies": [
            "module.webserver_cluster.aws_security_group.alb",
            "module.webserver_cluster.data.aws_subnet_ids.default"
          ]
        }
      ]
    },
    {
      "module": "module.webserver_cluster",
      "mode": "managed",
      "type": "aws_lb_listener",
      "name": "http",
      "provider": "provider[\"registry.terraform.io/hashicorp/aws\"]",
      "instances": [
        {
          "schema_version": 0,
          "attributes": {
            "arn": "arn:aws:elasticloadbalancing:ap-northeast-2:930881283022:listener/app/seoul-webservers-prod/ac2394daf64b6d7b/84f8687cf99a7c62",
            "certificate_arn": null,
            "default_action": [
              {
                "authenticate_cognito": [],
                "authenticate_oidc": [],
                "fixed_response": [
                  {
                    "content_type": "text/plain",
                    "message_body": "404: page not found",
                    "status_code": "404"
                  }
                ],
                "forward": [],
                "order": 1,
                "redirect": [],
                "target_group_arn": "",
                "type": "fixed-response"
              }
            ],
            "id": "arn:aws:elasticloadbalancing:ap-northeast-2:930881283022:listener/app/seoul-webservers-prod/ac2394daf64b6d7b/84f8687cf99a7c62",
            "load_balancer_arn": "arn:aws:elasticloadbalancing:ap-northeast-2:930881283022:loadbalancer/app/seoul-webservers-prod/ac2394daf64b6d7b",
            "port": 80,
            "protocol": "HTTP",
            "ssl_policy": "",
            "timeouts": null
          },
          "sensitive_attributes": [],
          "private": "eyJlMmJmYjczMC1lY2FhLTExZTYtOGY4OC0zNDM2M2JjN2M0YzAiOnsicmVhZCI6NjAwMDAwMDAwMDAwfX0=",
          "dependencies": [
            "module.webserver_cluster.aws_lb.example",
            "module.webserver_cluster.aws_security_group.alb",
            "module.webserver_cluster.data.aws_subnet_ids.default"
          ]
        }
      ]
    },
    {
      "module": "module.webserver_cluster",
      "mode": "managed",
      "type": "aws_lb_listener_rule",
      "name": "asg",
      "provider": "provider[\"registry.terraform.io/hashicorp/aws\"]",
      "instances": [
        {
          "schema_version": 0,
          "attributes": {
            "action": [
              {
                "authenticate_cognito": [],
                "authenticate_oidc": [],
                "fixed_response": [],
                "forward": [],
                "order": 1,
                "redirect": [],
                "target_group_arn": "arn:aws:elasticloadbalancing:ap-northeast-2:930881283022:targetgroup/seoul-webservers-prod/98e796d3f73af7df",
                "type": "forward"
              }
            ],
            "arn": "arn:aws:elasticloadbalancing:ap-northeast-2:930881283022:listener-rule/app/seoul-webservers-prod/ac2394daf64b6d7b/84f8687cf99a7c62/86b5fc12f6ec0bd8",
            "condition": [
              {
                "field": "path-pattern",
                "host_header": [],
                "http_header": [],
                "http_request_method": [],
                "path_pattern": [
                  {
                    "values": [
                      "*"
                    ]
                  }
                ],
                "query_string": [],
                "source_ip": [],
                "values": [
                  "*"
                ]
              }
            ],
            "id": "arn:aws:elasticloadbalancing:ap-northeast-2:930881283022:listener-rule/app/seoul-webservers-prod/ac2394daf64b6d7b/84f8687cf99a7c62/86b5fc12f6ec0bd8",
            "listener_arn": "arn:aws:elasticloadbalancing:ap-northeast-2:930881283022:listener/app/seoul-webservers-prod/ac2394daf64b6d7b/84f8687cf99a7c62",
            "priority": 100
          },
          "sensitive_attributes": [],
          "private": "bnVsbA==",
          "dependencies": [
            "module.webserver_cluster.aws_lb.example",
            "module.webserver_cluster.aws_lb_listener.http",
            "module.webserver_cluster.aws_lb_target_group.asg",
            "module.webserver_cluster.aws_security_group.alb",
            "module.webserver_cluster.data.aws_subnet_ids.default",
            "module.webserver_cluster.data.aws_vpc.default"
          ]
        }
      ]
    },
    {
      "module": "module.webserver_cluster",
      "mode": "managed",
      "type": "aws_lb_target_group",
      "name": "asg",
      "provider": "provider[\"registry.terraform.io/hashicorp/aws\"]",
      "instances": [
        {
          "schema_version": 0,
          "attributes": {
            "arn": "arn:aws:elasticloadbalancing:ap-northeast-2:930881283022:targetgroup/seoul-webservers-prod/98e796d3f73af7df",
            "arn_suffix": "targetgroup/seoul-webservers-prod/98e796d3f73af7df",
            "deregistration_delay": 300,
            "health_check": [
              {
                "enabled": true,
                "healthy_threshold": 2,
                "interval": 15,
                "matcher": "200",
                "path": "/",
                "port": "traffic-port",
                "protocol": "HTTP",
                "timeout": 3,
                "unhealthy_threshold": 2
              }
            ],
            "id": "arn:aws:elasticloadbalancing:ap-northeast-2:930881283022:targetgroup/seoul-webservers-prod/98e796d3f73af7df",
            "lambda_multi_value_headers_enabled": false,
            "load_balancing_algorithm_type": "round_robin",
            "name": "seoul-webservers-prod",
            "name_prefix": null,
            "port": 80,
            "protocol": "HTTP",
            "proxy_protocol_v2": false,
            "slow_start": 0,
            "stickiness": [
              {
                "cookie_duration": 86400,
                "enabled": false,
                "type": "lb_cookie"
              }
            ],
            "tags": null,
            "target_type": "instance",
            "vpc_id": "vpc-00eb5c183ab181e6f"
          },
          "sensitive_attributes": [],
          "private": "bnVsbA==",
          "dependencies": [
            "module.webserver_cluster.data.aws_vpc.default"
          ]
        }
      ]
    },
    {
      "module": "module.webserver_cluster",
      "mode": "managed",
      "type": "aws_security_group",
      "name": "alb",
      "provider": "provider[\"registry.terraform.io/hashicorp/aws\"]",
      "instances": [
        {
          "schema_version": 1,
          "attributes": {
            "arn": "arn:aws:ec2:ap-northeast-2:930881283022:security-group/sg-0ab6c10f2110f53f5",
            "description": "Managed by Terraform",
            "egress": [],
            "id": "sg-0ab6c10f2110f53f5",
            "ingress": [],
            "name": "seoul-webservers-prod-alb",
            "name_prefix": null,
            "owner_id": "930881283022",
            "revoke_rules_on_delete": false,
            "tags": null,
            "timeouts": null,
            "vpc_id": "vpc-00eb5c183ab181e6f"
          },
          "sensitive_attributes": [],
          "private": "eyJlMmJmYjczMC1lY2FhLTExZTYtOGY4OC0zNDM2M2JjN2M0YzAiOnsiY3JlYXRlIjo2MDAwMDAwMDAwMDAsImRlbGV0ZSI6NjAwMDAwMDAwMDAwfSwic2NoZW1hX3ZlcnNpb24iOiIxIn0="
        }
      ]
    },
    {
      "module": "module.webserver_cluster",
      "mode": "managed",
      "type": "aws_security_group",
      "name": "instance",
      "provider": "provider[\"registry.terraform.io/hashicorp/aws\"]",
      "instances": [
        {
          "schema_version": 1,
          "attributes": {
            "arn": "arn:aws:ec2:ap-northeast-2:930881283022:security-group/sg-093681a2547bcae08",
            "description": "Managed by Terraform",
            "egress": [],
            "id": "sg-093681a2547bcae08",
            "ingress": [],
            "name": "seoul-webservers-prod-instance",
            "name_prefix": null,
            "owner_id": "930881283022",
            "revoke_rules_on_delete": false,
            "tags": null,
            "timeouts": null,
            "vpc_id": "vpc-00eb5c183ab181e6f"
          },
          "sensitive_attributes": [],
          "private": "eyJlMmJmYjczMC1lY2FhLTExZTYtOGY4OC0zNDM2M2JjN2M0YzAiOnsiY3JlYXRlIjo2MDAwMDAwMDAwMDAsImRlbGV0ZSI6NjAwMDAwMDAwMDAwfSwic2NoZW1hX3ZlcnNpb24iOiIxIn0=",
          "create_before_destroy": true
        }
      ]
    },
    {
      "module": "module.webserver_cluster",
      "mode": "managed",
      "type": "aws_security_group_rule",
      "name": "allow_all_outbound",
      "provider": "provider[\"registry.terraform.io/hashicorp/aws\"]",
      "instances": [
        {
          "schema_version": 2,
          "attributes": {
            "cidr_blocks": [
              "0.0.0.0/0"
            ],
            "description": null,
            "from_port": 0,
            "id": "sgrule-4072679629",
            "ipv6_cidr_blocks": null,
            "prefix_list_ids": null,
            "protocol": "-1",
            "security_group_id": "sg-0ab6c10f2110f53f5",
            "self": false,
            "source_security_group_id": null,
            "to_port": 0,
            "type": "egress"
          },
          "sensitive_attributes": [],
          "private": "eyJzY2hlbWFfdmVyc2lvbiI6IjIifQ==",
          "dependencies": [
            "module.webserver_cluster.aws_security_group.alb"
          ]
        }
      ]
    },
    {
      "module": "module.webserver_cluster",
      "mode": "managed",
      "type": "aws_security_group_rule",
      "name": "allow_http_inbound",
      "provider": "provider[\"registry.terraform.io/hashicorp/aws\"]",
      "instances": [
        {
          "schema_version": 2,
          "attributes": {
            "cidr_blocks": [
              "0.0.0.0/0"
            ],
            "description": null,
            "from_port": 80,
            "id": "sgrule-3308158127",
            "ipv6_cidr_blocks": null,
            "prefix_list_ids": null,
            "protocol": "tcp",
            "security_group_id": "sg-0ab6c10f2110f53f5",
            "self": false,
            "source_security_group_id": null,
            "to_port": 80,
            "type": "ingress"
          },
          "sensitive_attributes": [],
          "private": "eyJzY2hlbWFfdmVyc2lvbiI6IjIifQ==",
          "dependencies": [
            "module.webserver_cluster.aws_security_group.alb"
          ]
        }
      ]
    },
    {
      "module": "module.webserver_cluster",
      "mode": "managed",
      "type": "aws_security_group_rule",
      "name": "allow_server_all_outbound",
      "provider": "provider[\"registry.terraform.io/hashicorp/aws\"]",
      "instances": [
        {
          "schema_version": 2,
          "attributes": {
            "cidr_blocks": [
              "0.0.0.0/0"
            ],
            "description": null,
            "from_port": 0,
            "id": "sgrule-3097254927",
            "ipv6_cidr_blocks": null,
            "prefix_list_ids": null,
            "protocol": "-1",
            "security_group_id": "sg-093681a2547bcae08",
            "self": false,
            "source_security_group_id": null,
            "to_port": 0,
            "type": "egress"
          },
          "sensitive_attributes": [],
          "private": "eyJzY2hlbWFfdmVyc2lvbiI6IjIifQ==",
          "dependencies": [
            "module.webserver_cluster.aws_security_group.instance"
          ]
        }
      ]
    },
    {
      "module": "module.webserver_cluster",
      "mode": "managed",
      "type": "aws_security_group_rule",
      "name": "allow_server_http_inbound",
      "provider": "provider[\"registry.terraform.io/hashicorp/aws\"]",
      "instances": [
        {
          "schema_version": 2,
          "attributes": {
            "cidr_blocks": [
              "0.0.0.0/0"
            ],
            "description": null,
            "from_port": 80,
            "id": "sgrule-2357543097",
            "ipv6_cidr_blocks": null,
            "prefix_list_ids": null,
            "protocol": "tcp",
            "security_group_id": "sg-093681a2547bcae08",
            "self": false,
            "source_security_group_id": null,
            "to_port": 80,
            "type": "ingress"
          },
          "sensitive_attributes": [],
          "private": "eyJzY2hlbWFfdmVyc2lvbiI6IjIifQ==",
          "dependencies": [
            "module.webserver_cluster.aws_security_group.instance"
          ]
        }
      ]
    },
    {
      "module": "module.webserver_cluster",
      "mode": "managed",
      "type": "aws_security_group_rule",
      "name": "allow_server_ssh_inbound",
      "provider": "provider[\"registry.terraform.io/hashicorp/aws\"]",
      "instances": [
        {
          "schema_version": 2,
          "attributes": {
            "cidr_blocks": [
              "0.0.0.0/0"
            ],
            "description": null,
            "from_port": 22,
            "id": "sgrule-974069004",
            "ipv6_cidr_blocks": null,
            "prefix_list_ids": null,
            "protocol": "tcp",
            "security_group_id": "sg-093681a2547bcae08",
            "self": false,
            "source_security_group_id": null,
            "to_port": 22,
            "type": "ingress"
          },
          "sensitive_attributes": [],
          "private": "eyJzY2hlbWFfdmVyc2lvbiI6IjIifQ==",
          "dependencies": [
            "module.webserver_cluster.aws_security_group.instance"
          ]
        }
      ]
    }
  ],
  "check_results": null
}
